<?xml version="1.0" encoding="utf-8"?>
<Project ToolsVersion="4.0" xmlns="http://schemas.microsoft.com/developer/msbuild/2003">
  <ItemGroup>
    <Filter Include="Source Files">
      <UniqueIdentifier>{62c5c49d-8e26-4ae5-b5c2-b08f83f91b76}</UniqueIdentifier>
    </Filter>
    <Filter Include="Header Files">
      <UniqueIdentifier>{e832506d-d81d-4d45-b42a-5fa841a5023e}</UniqueIdentifier>
    </Filter>
  </ItemGroup>
  <ItemGroup>
    <ClCompile Include="src\answer.cpp">
      <Filter>Source Files</Filter>
    </ClCompile>
    <ClCompile Include="src\file_manager.cpp">
      <Filter>Source Files</Filter>
    </ClCompile>
    <ClCompile Include="src\game.cpp">
      <Filter>Source Files</Filter>
    </ClCompile>
    <ClCompile Include="src\gameshow.cpp">
      <Filter>Source Files</Filter>
    </ClCompile>
    <ClCompile Include="src\info.cpp">
      <Filter>Source Files</Filter>
    </ClCompile>
    <ClCompile Include="src\input.cpp">
      <Filter>Source Files</Filter>
    </ClCompile>
    <ClCompile Include="src\leaderboard.cpp">
      <Filter>Source Files</Filter>
    </ClCompile>
    <ClCompile Include="src\lifeline.cpp">
      <Filter>Source Files</Filter>
    </ClCompile>
    <ClCompile Include="src\load.cpp">
      <Filter>Source Files</Filter>
    </ClCompile>
    <ClCompile Include="src\main.cpp">
      <Filter>Source Files</Filter>
    </ClCompile>
    <ClCompile Include="src\menu.cpp">
      <Filter>Source Files</Filter>
    </ClCompile>
    <ClCompile Include="src\money.cpp">
      <Filter>Source Files</Filter>
    </ClCompile>
    <ClCompile Include="src\player.cpp">
      <Filter>Source Files</Filter>
    </ClCompile>
    <ClCompile Include="src\question.cpp">
      <Filter>Source Files</Filter>
    </ClCompile>
    <ClCompile Include="src\randomizer.cpp">
      <Filter>Source Files</Filter>
    </ClCompile>
    <ClCompile Include="src\round.cpp">
      <Filter>Source Files</Filter>
    </ClCompile>
    <ClCompile Include="src\save.cpp">
      <Filter>Source Files</Filter>
    </ClCompile>
    <ClCompile Include="src\save_state.cpp">
      <Filter>Source Files</Filter>
    </ClCompile>
    <ClCompile Include="src\style_manager.cpp">
      <Filter>Source Files</Filter>
    </ClCompile>
    <ClCompile Include="src\time_manager.cpp">
      <Filter>Source Files</Filter>
    </ClCompile>
    <ClCompile Include="src\trapdoor.cpp">
      <Filter>Source Files</Filter>
    </ClCompile>
  </ItemGroup>
  <ItemGroup>
    <ClInclude Include="include\answer.h">
      <Filter>Header Files</Filter>
    </ClInclude>
    <ClInclude Include="include\file_manager.h">
      <Filter>Header Files</Filter>
    </ClInclude>
    <ClInclude Include="include\game.h">
      <Filter>Header Files</Filter>
    </ClInclude>
    <ClInclude Include="include\game_element.h">
      <Filter>Header Files</Filter>
    </ClInclude>
    <ClInclude Include="include\gameshow.h">
      <Filter>Header Files</Filter>
    </ClInclude>
    <ClInclude Include="include\info.h">
      <Filter>Header Files</Filter>
    </ClInclude>
    <ClInclude Include="include\input.h">
      <Filter>Header Files</Filter>
    </ClInclude>
    <ClInclude Include="include\leaderboard.h">
      <Filter>Header Files</Filter>
    </ClInclude>
    <ClInclude Include="include\lifeline.h">
      <Filter>Header Files</Filter>
    </ClInclude>
    <ClInclude Include="include\load.h">
      <Filter>Header Files</Filter>
    </ClInclude>
    <ClInclude Include="include\menu.h">
      <Filter>Header Files</Filter>
    </ClInclude>
    <ClInclude Include="include\money.h">
      <Filter>Header Files</Filter>
    </ClInclude>
    <ClInclude Include="include\player.h">
      <Filter>Header Files</Filter>
    </ClInclude>
    <ClInclude Include="include\question.h">
      <Filter>Header Files</Filter>
    </ClInclude>
    <ClInclude Include="include\randomizer.h">
      <Filter>Header Files</Filter>
    </ClInclude>
    <ClInclude Include="include\round.h">
      <Filter>Header Files</Filter>
    </ClInclude>
    <ClInclude Include="include\save.h">
      <Filter>Header Files</Filter>
    </ClInclude>
    <ClInclude Include="include\save_state.h">
      <Filter>Header Files</Filter>
    </ClInclude>
    <ClInclude Include="include\style_manager.h">
      <Filter>Header Files</Filter>
    </ClInclude>
    <ClInclude Include="include\time_manager.h">
      <Filter>Header Files</Filter>
    </ClInclude>
    <ClInclude Include="include\trapdoor.h">
      <Filter>Header Files</Filter>
    </ClInclude>
  </ItemGroup>
</Project>